// !$*UTF8*$!
{
	archiveVersion = 1;
	classes = {
	};
	objectVersion = 46;
	objects = {

/* Begin PBXBuildFile section */
		99C38B4D1649B4E800D21AB5 /* UIKit.framework in Frameworks */ = {isa = PBXBuildFile; fileRef = 99C38B4C1649B4E800D21AB5 /* UIKit.framework */; };
		99C38B4F1649B4E800D21AB5 /* Foundation.framework in Frameworks */ = {isa = PBXBuildFile; fileRef = 99C38B4E1649B4E800D21AB5 /* Foundation.framework */; };
		99C38B511649B4E800D21AB5 /* CoreGraphics.framework in Frameworks */ = {isa = PBXBuildFile; fileRef = 99C38B501649B4E800D21AB5 /* CoreGraphics.framework */; };
		99C38B571649B4E800D21AB5 /* InfoPlist.strings in Resources */ = {isa = PBXBuildFile; fileRef = 99C38B551649B4E800D21AB5 /* InfoPlist.strings */; };
		99C38B591649B4E800D21AB5 /* main.m in Sources */ = {isa = PBXBuildFile; fileRef = 99C38B581649B4E800D21AB5 /* main.m */; };
		99C38B5D1649B4E800D21AB5 /* AppDelegate.m in Sources */ = {isa = PBXBuildFile; fileRef = 99C38B5C1649B4E800D21AB5 /* AppDelegate.m */; };
		99C38B5F1649B4E800D21AB5 /* Default.png in Resources */ = {isa = PBXBuildFile; fileRef = 99C38B5E1649B4E800D21AB5 /* Default.png */; };
		99C38B611649B4E800D21AB5 /* Default@2x.png in Resources */ = {isa = PBXBuildFile; fileRef = 99C38B601649B4E800D21AB5 /* Default@2x.png */; };
		99C38B631649B4E800D21AB5 /* Default-568h@2x.png in Resources */ = {isa = PBXBuildFile; fileRef = 99C38B621649B4E800D21AB5 /* Default-568h@2x.png */; };
		99C38B661649B4E800D21AB5 /* ViewController.m in Sources */ = {isa = PBXBuildFile; fileRef = 99C38B651649B4E800D21AB5 /* ViewController.m */; };
		99C38B691649B4E800D21AB5 /* ViewController.xib in Resources */ = {isa = PBXBuildFile; fileRef = 99C38B671649B4E800D21AB5 /* ViewController.xib */; };
		99C38B721649B69300D21AB5 /* modalClass.m in Sources */ = {isa = PBXBuildFile; fileRef = 99C38B701649B69300D21AB5 /* modalClass.m */; };
		99C38B731649B69300D21AB5 /* modalClass.xib in Resources */ = {isa = PBXBuildFile; fileRef = 99C38B711649B69300D21AB5 /* modalClass.xib */; };
		99C38B7E1649BDA500D21AB5 /* Lato-Hai.ttf in Resources */ = {isa = PBXBuildFile; fileRef = 99C38B7C1649BDA500D21AB5 /* Lato-Hai.ttf */; };
		99C38B7F1649BDA500D21AB5 /* transparent.png in Resources */ = {isa = PBXBuildFile; fileRef = 99C38B7D1649BDA500D21AB5 /* transparent.png */; };
/* End PBXBuildFile section */

/* Begin PBXFileReference section */
		99C38B481649B4E800D21AB5 /* navigation3.app */ = {isa = PBXFileReference; explicitFileType = wrapper.application; includeInIndex = 0; path = navigation3.app; sourceTree = BUILT_PRODUCTS_DIR; };
		99C38B4C1649B4E800D21AB5 /* UIKit.framework */ = {isa = PBXFileReference; lastKnownFileType = wrapper.framework; name = UIKit.framework; path = System/Library/Frameworks/UIKit.framework; sourceTree = SDKROOT; };
		99C38B4E1649B4E800D21AB5 /* Foundation.framework */ = {isa = PBXFileReference; lastKnownFileType = wrapper.framework; name = Foundation.framework; path = System/Library/Frameworks/Foundation.framework; sourceTree = SDKROOT; };
		99C38B501649B4E800D21AB5 /* CoreGraphics.framework */ = {isa = PBXFileReference; lastKnownFileType = wrapper.framework; name = CoreGraphics.framework; path = System/Library/Frameworks/CoreGraphics.framework; sourceTree = SDKROOT; };
		99C38B541649B4E800D21AB5 /* navigation3-Info.plist */ = {isa = PBXFileReference; lastKnownFileType = text.plist.xml; path = "navigation3-Info.plist"; sourceTree = "<group>"; };
		99C38B561649B4E800D21AB5 /* en */ = {isa = PBXFileReference; lastKnownFileType = text.plist.strings; name = en; path = en.lproj/InfoPlist.strings; sourceTree = "<group>"; };
		99C38B581649B4E800D21AB5 /* main.m */ = {isa = PBXFileReference; lastKnownFileType = sourcecode.c.objc; path = main.m; sourceTree = "<group>"; };
		99C38B5A1649B4E800D21AB5 /* navigation3-Prefix.pch */ = {isa = PBXFileReference; lastKnownFileType = sourcecode.c.h; path = "navigation3-Prefix.pch"; sourceTree = "<group>"; };
		99C38B5B1649B4E800D21AB5 /* AppDelegate.h */ = {isa = PBXFileReference; lastKnownFileType = sourcecode.c.h; path = AppDelegate.h; sourceTree = "<group>"; };
		99C38B5C1649B4E800D21AB5 /* AppDelegate.m */ = {isa = PBXFileReference; lastKnownFileType = sourcecode.c.objc; path = AppDelegate.m; sourceTree = "<group>"; };
		99C38B5E1649B4E800D21AB5 /* Default.png */ = {isa = PBXFileReference; lastKnownFileType = image.png; path = Default.png; sourceTree = "<group>"; };
		99C38B601649B4E800D21AB5 /* Default@2x.png */ = {isa = PBXFileReference; lastKnownFileType = image.png; path = "Default@2x.png"; sourceTree = "<group>"; };
		99C38B621649B4E800D21AB5 /* Default-568h@2x.png */ = {isa = PBXFileReference; lastKnownFileType = image.png; path = "Default-568h@2x.png"; sourceTree = "<group>"; };
		99C38B641649B4E800D21AB5 /* ViewController.h */ = {isa = PBXFileReference; lastKnownFileType = sourcecode.c.h; path = ViewController.h; sourceTree = "<group>"; };
		99C38B651649B4E800D21AB5 /* ViewController.m */ = {isa = PBXFileReference; lastKnownFileType = sourcecode.c.objc; path = ViewController.m; sourceTree = "<group>"; };
		99C38B681649B4E800D21AB5 /* en */ = {isa = PBXFileReference; lastKnownFileType = file.xib; name = en; path = en.lproj/ViewController.xib; sourceTree = "<group>"; };
		99C38B6F1649B69300D21AB5 /* modalClass.h */ = {isa = PBXFileReference; fileEncoding = 4; lastKnownFileType = sourcecode.c.h; path = modalClass.h; sourceTree = "<group>"; };
		99C38B701649B69300D21AB5 /* modalClass.m */ = {isa = PBXFileReference; fileEncoding = 4; lastKnownFileType = sourcecode.c.objc; path = modalClass.m; sourceTree = "<group>"; };
		99C38B711649B69300D21AB5 /* modalClass.xib */ = {isa = PBXFileReference; fileEncoding = 4; lastKnownFileType = file.xib; path = modalClass.xib; sourceTree = "<group>"; };
		99C38B7C1649BDA500D21AB5 /* Lato-Hai.ttf */ = {isa = PBXFileReference; lastKnownFileType = file; path = "Lato-Hai.ttf"; sourceTree = "<group>"; };
		99C38B7D1649BDA500D21AB5 /* transparent.png */ = {isa = PBXFileReference; lastKnownFileType = image.png; path = transparent.png; sourceTree = "<group>"; };
/* End PBXFileReference section */

/* Begin PBXFrameworksBuildPhase section */
		99C38B451649B4E800D21AB5 /* Frameworks */ = {
			isa = PBXFrameworksBuildPhase;
			buildActionMask = 2147483647;
			files = (
				99C38B4D1649B4E800D21AB5 /* UIKit.framework in Frameworks */,
				99C38B4F1649B4E800D21AB5 /* Foundation.framework in Frameworks */,
				99C38B511649B4E800D21AB5 /* CoreGraphics.framework in Frameworks */,
			);
			runOnlyForDeploymentPostprocessing = 0;
		};
/* End PBXFrameworksBuildPhase section */

/* Begin PBXGroup section */
		99C38B3D1649B4E800D21AB5 = {
			isa = PBXGroup;
			children = (
				99C38B521649B4E800D21AB5 /* navigation3 */,
				99C38B4B1649B4E800D21AB5 /* Frameworks */,
				99C38B531649B4E800D21AB5 /* Supporting Files */,
				99C38B491649B4E800D21AB5 /* Products */,
			);
			sourceTree = "<group>";
		};
		99C38B491649B4E800D21AB5 /* Products */ = {
			isa = PBXGroup;
			children = (
				99C38B481649B4E800D21AB5 /* navigation3.app */,
			);
			name = Products;
			sourceTree = "<group>";
		};
		99C38B4B1649B4E800D21AB5 /* Frameworks */ = {
			isa = PBXGroup;
			children = (
				99C38B4C1649B4E800D21AB5 /* UIKit.framework */,
				99C38B4E1649B4E800D21AB5 /* Foundation.framework */,
				99C38B501649B4E800D21AB5 /* CoreGraphics.framework */,
			);
			name = Frameworks;
			sourceTree = "<group>";
		};
		99C38B521649B4E800D21AB5 /* navigation3 */ = {
			isa = PBXGroup;
			children = (
				99C38B5B1649B4E800D21AB5 /* AppDelegate.h */,
				99C38B5C1649B4E800D21AB5 /* AppDelegate.m */,
				99C38B641649B4E800D21AB5 /* ViewController.h */,
				99C38B651649B4E800D21AB5 /* ViewController.m */,
				99C38B671649B4E800D21AB5 /* ViewController.xib */,
				99C38B6F1649B69300D21AB5 /* modalClass.h */,
				99C38B701649B69300D21AB5 /* modalClass.m */,
				99C38B711649B69300D21AB5 /* modalClass.xib */,
			);
			path = navigation3;
			sourceTree = "<group>";
		};
		99C38B531649B4E800D21AB5 /* Supporting Files */ = {
			isa = PBXGroup;
			children = (
				99C38B7C1649BDA500D21AB5 /* Lato-Hai.ttf */,
				99C38B7D1649BDA500D21AB5 /* transparent.png */,
				99C38B541649B4E800D21AB5 /* navigation3-Info.plist */,
				99C38B551649B4E800D21AB5 /* InfoPlist.strings */,
				99C38B581649B4E800D21AB5 /* main.m */,
				99C38B5A1649B4E800D21AB5 /* navigation3-Prefix.pch */,
				99C38B5E1649B4E800D21AB5 /* Default.png */,
				99C38B601649B4E800D21AB5 /* Default@2x.png */,
				99C38B621649B4E800D21AB5 /* Default-568h@2x.png */,
			);
			name = "Supporting Files";
			path = navigation3;
			sourceTree = "<group>";
		};
/* End PBXGroup section */

/* Begin PBXNativeTarget section */
		99C38B471649B4E800D21AB5 /* navigation3 */ = {
			isa = PBXNativeTarget;
			buildConfigurationList = 99C38B6C1649B4E800D21AB5 /* Build configuration list for PBXNativeTarget "navigation3" */;
			buildPhases = (
				99C38B441649B4E800D21AB5 /* Sources */,
				99C38B451649B4E800D21AB5 /* Frameworks */,
				99C38B461649B4E800D21AB5 /* Resources */,
			);
			buildRules = (
			);
			dependencies = (
			);
			name = navigation3;
			productName = navigation3;
			productReference = 99C38B481649B4E800D21AB5 /* navigation3.app */;
			productType = "com.apple.product-type.application";
		};
/* End PBXNativeTarget section */

/* Begin PBXProject section */
		99C38B3F1649B4E800D21AB5 /* Project object */ = {
			isa = PBXProject;
			attributes = {
				LastUpgradeCheck = 0450;
				ORGANIZATIONNAME = "Manu Sharma";
			};
			buildConfigurationList = 99C38B421649B4E800D21AB5 /* Build configuration list for PBXProject "navigation3" */;
			compatibilityVersion = "Xcode 3.2";
			developmentRegion = English;
			hasScannedForEncodings = 0;
			knownRegions = (
				en,
			);
			mainGroup = 99C38B3D1649B4E800D21AB5;
			productRefGroup = 99C38B491649B4E800D21AB5 /* Products */;
			projectDirPath = "";
			projectRoot = "";
			targets = (
				99C38B471649B4E800D21AB5 /* navigation3 */,
			);
		};
/* End PBXProject section */

/* Begin PBXResourcesBuildPhase section */
		99C38B461649B4E800D21AB5 /* Resources */ = {
			isa = PBXResourcesBuildPhase;
			buildActionMask = 2147483647;
			files = (
				99C38B571649B4E800D21AB5 /* InfoPlist.strings in Resources */,
				99C38B5F1649B4E800D21AB5 /* Default.png in Resources */,
				99C38B611649B4E800D21AB5 /* Default@2x.png in Resources */,
				99C38B631649B4E800D21AB5 /* Default-568h@2x.png in Resources */,
				99C38B691649B4E800D21AB5 /* ViewController.xib in Resources */,
				99C38B731649B69300D21AB5 /* modalClass.xib in Resources */,
				99C38B7E1649BDA500D21AB5 /* Lato-Hai.ttf in Resources */,
				99C38B7F1649BDA500D21AB5 /* transparent.png in Resources */,
			);
			runOnlyForDeploymentPostprocessing = 0;
		};
/* End PBXResourcesBuildPhase section */

/* Begin PBXSourcesBuildPhase section */
		99C38B441649B4E800D21AB5 /* Sources */ = {
			isa = PBXSourcesBuildPhase;
			buildActionMask = 2147483647;
			files = (
				99C38B591649B4E800D21AB5 /* main.m in Sources */,
				99C38B5D1649B4E800D21AB5 /* AppDelegate.m in Sources */,
				99C38B661649B4E800D21AB5 /* ViewController.m in Sources */,
				99C38B721649B69300D21AB5 /* modalClass.m in Sources */,
			);
			runOnlyForDeploymentPostprocessing = 0;
		};
/* End PBXSourcesBuildPhase section */

/* Begin PBXVariantGroup section */
		99C38B551649B4E800D21AB5 /* InfoPlist.strings */ = {
			isa = PBXVariantGroup;
			children = (
				99C38B561649B4E800D21AB5 /* en */,
			);
			name = InfoPlist.strings;
			sourceTree = "<group>";
		};
		99C38B671649B4E800D21AB5 /* ViewController.xib */ = {
			isa = PBXVariantGroup;
			children = (
				99C38B681649B4E800D21AB5 /* en */,
			);
			name = ViewController.xib;
			sourceTree = "<group>";
		};
/* End PBXVariantGroup section */

/* Begin XCBuildConfiguration section */
		99C38B6A1649B4E800D21AB5 /* Debug */ = {
			isa = XCBuildConfiguration;
			buildSettings = {
				ALWAYS_SEARCH_USER_PATHS = NO;
				CLANG_CXX_LANGUAGE_STANDARD = "gnu++0x";
				CLANG_CXX_LIBRARY = "libc++";
				CLANG_ENABLE_OBJC_ARC = YES;
				CLANG_WARN_EMPTY_BODY = YES;
				CLANG_WARN__DUPLICATE_METHOD_MATCH = YES;
				"CODE_SIGN_IDENTITY[sdk=iphoneos*]" = "iPhone Developer";
				COPY_PHASE_STRIP = NO;
				GCC_C_LANGUAGE_STANDARD = gnu99;
				GCC_DYNAMIC_NO_PIC = NO;
				GCC_OPTIMIZATION_LEVEL = 0;
				GCC_PREPROCESSOR_DEFINITIONS = (
					"DEBUG=1",
					"$(inherited)",
				);
				GCC_SYMBOLS_PRIVATE_EXTERN = NO;
				GCC_WARN_ABOUT_RETURN_TYPE = YES;
				GCC_WARN_UNINITIALIZED_AUTOS = YES;
				GCC_WARN_UNUSED_VARIABLE = YES;
				IPHONEOS_DEPLOYMENT_TARGET = 6.0;
				ONLY_ACTIVE_ARCH = YES;
				SDKROOT = iphoneos;
			};
			name = Debug;
		};
		99C38B6B1649B4E800D21AB5 /* Release */ = {
			isa = XCBuildConfiguration;
			buildSettings = {
				ALWAYS_SEARCH_USER_PATHS = NO;
				CLANG_CXX_LANGUAGE_STANDARD = "gnu++0x";
				CLANG_CXX_LIBRARY = "libc++";
				CLANG_ENABLE_OBJC_ARC = YES;
				CLANG_WARN_EMPTY_BODY = YES;
				CLANG_WARN__DUPLICATE_METHOD_MATCH = YES;
				"CODE_SIGN_IDENTITY[sdk=iphoneos*]" = "iPhone Developer";
				COPY_PHASE_STRIP = YES;
				GCC_C_LANGUAGE_STANDARD = gnu99;
				GCC_WARN_ABOUT_RETURN_TYPE = YES;
				GCC_WARN_UNINITIALIZED_AUTOS = YES;
				GCC_WARN_UNUSED_VARIABLE = YES;
				IPHONEOS_DEPLOYMENT_TARGET = 6.0;
				OTHER_CFLAGS = "-DNS_BLOCK_ASSERTIONS=1";
				SDKROOT = iphoneos;
				VALIDATE_PRODUCT = YES;
			};
			name = Release;
		};
		99C38B6D1649B4E800D21AB5 /* Debug */ = {
			isa = XCBuildConfiguration;
			buildSettings = {
				GCC_PRECOMPILE_PREFIX_HEADER = YES;
				GCC_PREFIX_HEADER = "navigation3/navigation3-Prefix.pch";
				INFOPLIST_FILE = "navigation3/navigation3-Info.plist";
				IPHONEOS_DEPLOYMENT_TARGET = 5.1;
				PRODUCT_NAME = "$(TARGET_NAME)";
				WRAPPER_EXTENSION = app;
			};
			name = Debug;
		};
		99C38B6E1649B4E800D21AB5 /* Release */ = {
			isa = XCBuildConfiguration;
			buildSettings = {
				GCC_PRECOMPILE_PREFIX_HEADER = YES;
				GCC_PREFIX_HEADER = "navigation3/navigation3-Prefix.pch";
				INFOPLIST_FILE = "navigation3/navigation3-Info.plist";
				IPHONEOS_DEPLOYMENT_TARGET = 5.1;
				PRODUCT_NAME = "$(TARGET_NAME)";
				WRAPPER_EXTENSION = app;
			};
			name = Release;
		};
/* End XCBuildConfiguration section */

/* Begin XCConfigurationList section */
		99C38B421649B4E800D21AB5 /* Build configuration list for PBXProject "navigation3" */ = {
			isa = XCConfigurationList;
			buildConfigurations = (
				99C38B6A1649B4E800D21AB5 /* Debug */,
				99C38B6B1649B4E800D21AB5 /* Release */,
			);
			defaultConfigurationIsVisible = 0;
			defaultConfigurationName = Release;
		};
		99C38B6C1649B4E800D21AB5 /* Build configuration list for PBXNativeTarget "navigation3" */ = {
			isa = XCConfigurationList;
			buildConfigurations = (
				99C38B6D1649B4E800D21AB5 /* Debug */,
				99C38B6E1649B4E800D21AB5 /* Release */,
			);
			defaultConfigurationIsVisible = 0;
		};
/* End XCConfigurationList section */
	};
	rootObject = 99C38B3F1649B4E800D21AB5 /* Project object */;
}
